// !$*UTF8*$!
{
	archiveVersion = 1;
	classes = {
	};
	objectVersion = 46;
	objects = {

/* Begin PBXBuildFile section */
		04BFB79119837DB5000AC5B7 /* Foundation.framework in Frameworks */ = {isa = PBXBuildFile; fileRef = 04BFB79019837DB5000AC5B7 /* Foundation.framework */; };
		04BFB79319837DB5000AC5B7 /* CoreGraphics.framework in Frameworks */ = {isa = PBXBuildFile; fileRef = 04BFB79219837DB5000AC5B7 /* CoreGraphics.framework */; };
		04BFB79519837DB5000AC5B7 /* UIKit.framework in Frameworks */ = {isa = PBXBuildFile; fileRef = 04BFB79419837DB5000AC5B7 /* UIKit.framework */; };
		04BFB79B19837DB5000AC5B7 /* InfoPlist.strings in Resources */ = {isa = PBXBuildFile; fileRef = 04BFB79919837DB5000AC5B7 /* InfoPlist.strings */; };
		04BFB79D19837DB5000AC5B7 /* main.m in Sources */ = {isa = PBXBuildFile; fileRef = 04BFB79C19837DB5000AC5B7 /* main.m */; };
		04BFB7A119837DB5000AC5B7 /* ZJWAppDelegate.m in Sources */ = {isa = PBXBuildFile; fileRef = 04BFB7A019837DB5000AC5B7 /* ZJWAppDelegate.m */; };
		04BFB7A419837DB5000AC5B7 /* Main.storyboard in Resources */ = {isa = PBXBuildFile; fileRef = 04BFB7A219837DB5000AC5B7 /* Main.storyboard */; };
		04BFB7A719837DB5000AC5B7 /* ZJWViewController.m in Sources */ = {isa = PBXBuildFile; fileRef = 04BFB7A619837DB5000AC5B7 /* ZJWViewController.m */; };
		04BFB7A919837DB5000AC5B7 /* Images.xcassets in Resources */ = {isa = PBXBuildFile; fileRef = 04BFB7A819837DB5000AC5B7 /* Images.xcassets */; };
		04BFB7B019837DB5000AC5B7 /* XCTest.framework in Frameworks */ = {isa = PBXBuildFile; fileRef = 04BFB7AF19837DB5000AC5B7 /* XCTest.framework */; };
		04BFB7B119837DB5000AC5B7 /* Foundation.framework in Frameworks */ = {isa = PBXBuildFile; fileRef = 04BFB79019837DB5000AC5B7 /* Foundation.framework */; };
		04BFB7B219837DB5000AC5B7 /* UIKit.framework in Frameworks */ = {isa = PBXBuildFile; fileRef = 04BFB79419837DB5000AC5B7 /* UIKit.framework */; };
		04BFB7BA19837DB5000AC5B7 /* InfoPlist.strings in Resources */ = {isa = PBXBuildFile; fileRef = 04BFB7B819837DB5000AC5B7 /* InfoPlist.strings */; };
		04BFB7BC19837DB5000AC5B7 /* _048Tests.m in Sources */ = {isa = PBXBuildFile; fileRef = 04BFB7BB19837DB5000AC5B7 /* _048Tests.m */; };
		04BFB7C819837E04000AC5B7 /* Element.m in Sources */ = {isa = PBXBuildFile; fileRef = 04BFB7C719837E04000AC5B7 /* Element.m */; };
		04BFB7CB19837E28000AC5B7 /* Background.m in Sources */ = {isa = PBXBuildFile; fileRef = 04BFB7CA19837E28000AC5B7 /* Background.m */; };
		04BFB7D219837EC4000AC5B7 /* BackgroundView.m in Sources */ = {isa = PBXBuildFile; fileRef = 04BFB7D119837EC4000AC5B7 /* BackgroundView.m */; };
		04BFB7D61983C094000AC5B7 /* ElementLabel.m in Sources */ = {isa = PBXBuildFile; fileRef = 04BFB7D51983C094000AC5B7 /* ElementLabel.m */; };
		04BFB7D91983EC76000AC5B7 /* GameManager.m in Sources */ = {isa = PBXBuildFile; fileRef = 04BFB7D81983EC76000AC5B7 /* GameManager.m */; };
/* End PBXBuildFile section */

/* Begin PBXContainerItemProxy section */
		04BFB7B319837DB5000AC5B7 /* PBXContainerItemProxy */ = {
			isa = PBXContainerItemProxy;
			containerPortal = 04BFB78519837DB5000AC5B7 /* Project object */;
			proxyType = 1;
			remoteGlobalIDString = 04BFB78C19837DB5000AC5B7;
			remoteInfo = 2048;
		};
/* End PBXContainerItemProxy section */

/* Begin PBXFileReference section */
		04BFB78D19837DB5000AC5B7 /* 2048.app */ = {isa = PBXFileReference; explicitFileType = wrapper.application; includeInIndex = 0; path = 2048.app; sourceTree = BUILT_PRODUCTS_DIR; };
		04BFB79019837DB5000AC5B7 /* Foundation.framework */ = {isa = PBXFileReference; lastKnownFileType = wrapper.framework; name = Foundation.framework; path = System/Library/Frameworks/Foundation.framework; sourceTree = SDKROOT; };
		04BFB79219837DB5000AC5B7 /* CoreGraphics.framework */ = {isa = PBXFileReference; lastKnownFileType = wrapper.framework; name = CoreGraphics.framework; path = System/Library/Frameworks/CoreGraphics.framework; sourceTree = SDKROOT; };
		04BFB79419837DB5000AC5B7 /* UIKit.framework */ = {isa = PBXFileReference; lastKnownFileType = wrapper.framework; name = UIKit.framework; path = System/Library/Frameworks/UIKit.framework; sourceTree = SDKROOT; };
		04BFB79819837DB5000AC5B7 /* 2048-Info.plist */ = {isa = PBXFileReference; lastKnownFileType = text.plist.xml; path = "2048-Info.plist"; sourceTree = "<group>"; };
		04BFB79A19837DB5000AC5B7 /* en */ = {isa = PBXFileReference; lastKnownFileType = text.plist.strings; name = en; path = en.lproj/InfoPlist.strings; sourceTree = "<group>"; };
		04BFB79C19837DB5000AC5B7 /* main.m */ = {isa = PBXFileReference; lastKnownFileType = sourcecode.c.objc; path = main.m; sourceTree = "<group>"; };
		04BFB79E19837DB5000AC5B7 /* 2048-Prefix.pch */ = {isa = PBXFileReference; lastKnownFileType = sourcecode.c.h; path = "2048-Prefix.pch"; sourceTree = "<group>"; };
		04BFB79F19837DB5000AC5B7 /* ZJWAppDelegate.h */ = {isa = PBXFileReference; lastKnownFileType = sourcecode.c.h; path = ZJWAppDelegate.h; sourceTree = "<group>"; };
		04BFB7A019837DB5000AC5B7 /* ZJWAppDelegate.m */ = {isa = PBXFileReference; lastKnownFileType = sourcecode.c.objc; path = ZJWAppDelegate.m; sourceTree = "<group>"; };
		04BFB7A319837DB5000AC5B7 /* Base */ = {isa = PBXFileReference; lastKnownFileType = file.storyboard; name = Base; path = Base.lproj/Main.storyboard; sourceTree = "<group>"; };
		04BFB7A519837DB5000AC5B7 /* ZJWViewController.h */ = {isa = PBXFileReference; lastKnownFileType = sourcecode.c.h; path = ZJWViewController.h; sourceTree = "<group>"; };
		04BFB7A619837DB5000AC5B7 /* ZJWViewController.m */ = {isa = PBXFileReference; lastKnownFileType = sourcecode.c.objc; path = ZJWViewController.m; sourceTree = "<group>"; };
		04BFB7A819837DB5000AC5B7 /* Images.xcassets */ = {isa = PBXFileReference; lastKnownFileType = folder.assetcatalog; path = Images.xcassets; sourceTree = "<group>"; };
		04BFB7AE19837DB5000AC5B7 /* 2048Tests.xctest */ = {isa = PBXFileReference; explicitFileType = wrapper.cfbundle; includeInIndex = 0; path = 2048Tests.xctest; sourceTree = BUILT_PRODUCTS_DIR; };
		04BFB7AF19837DB5000AC5B7 /* XCTest.framework */ = {isa = PBXFileReference; lastKnownFileType = wrapper.framework; name = XCTest.framework; path = Library/Frameworks/XCTest.framework; sourceTree = DEVELOPER_DIR; };
		04BFB7B719837DB5000AC5B7 /* 2048Tests-Info.plist */ = {isa = PBXFileReference; lastKnownFileType = text.plist.xml; path = "2048Tests-Info.plist"; sourceTree = "<group>"; };
		04BFB7B919837DB5000AC5B7 /* en */ = {isa = PBXFileReference; lastKnownFileType = text.plist.strings; name = en; path = en.lproj/InfoPlist.strings; sourceTree = "<group>"; };
		04BFB7BB19837DB5000AC5B7 /* _048Tests.m */ = {isa = PBXFileReference; lastKnownFileType = sourcecode.c.objc; path = _048Tests.m; sourceTree = "<group>"; };
		04BFB7C619837E04000AC5B7 /* Element.h */ = {isa = PBXFileReference; fileEncoding = 4; lastKnownFileType = sourcecode.c.h; path = Element.h; sourceTree = "<group>"; };
		04BFB7C719837E04000AC5B7 /* Element.m */ = {isa = PBXFileReference; fileEncoding = 4; lastKnownFileType = sourcecode.c.objc; path = Element.m; sourceTree = "<group>"; };
		04BFB7C919837E28000AC5B7 /* Background.h */ = {isa = PBXFileReference; fileEncoding = 4; lastKnownFileType = sourcecode.c.h; path = Background.h; sourceTree = "<group>"; };
		04BFB7CA19837E28000AC5B7 /* Background.m */ = {isa = PBXFileReference; fileEncoding = 4; lastKnownFileType = sourcecode.c.objc; path = Background.m; sourceTree = "<group>"; };
		04BFB7D019837EC4000AC5B7 /* BackgroundView.h */ = {isa = PBXFileReference; fileEncoding = 4; lastKnownFileType = sourcecode.c.h; path = BackgroundView.h; sourceTree = "<group>"; };
		04BFB7D119837EC4000AC5B7 /* BackgroundView.m */ = {isa = PBXFileReference; fileEncoding = 4; lastKnownFileType = sourcecode.c.objc; path = BackgroundView.m; sourceTree = "<group>"; };
		04BFB7D41983C094000AC5B7 /* ElementLabel.h */ = {isa = PBXFileReference; fileEncoding = 4; lastKnownFileType = sourcecode.c.h; path = ElementLabel.h; sourceTree = "<group>"; };
		04BFB7D51983C094000AC5B7 /* ElementLabel.m */ = {isa = PBXFileReference; fileEncoding = 4; lastKnownFileType = sourcecode.c.objc; path = ElementLabel.m; sourceTree = "<group>"; };
		04BFB7D71983EC76000AC5B7 /* GameManager.h */ = {isa = PBXFileReference; fileEncoding = 4; lastKnownFileType = sourcecode.c.h; path = GameManager.h; sourceTree = "<group>"; };
		04BFB7D81983EC76000AC5B7 /* GameManager.m */ = {isa = PBXFileReference; fileEncoding = 4; lastKnownFileType = sourcecode.c.objc; path = GameManager.m; sourceTree = "<group>"; };
/* End PBXFileReference section */

/* Begin PBXFrameworksBuildPhase section */
		04BFB78A19837DB5000AC5B7 /* Frameworks */ = {
			isa = PBXFrameworksBuildPhase;
			buildActionMask = 2147483647;
			files = (
				04BFB79319837DB5000AC5B7 /* CoreGraphics.framework in Frameworks */,
				04BFB79519837DB5000AC5B7 /* UIKit.framework in Frameworks */,
				04BFB79119837DB5000AC5B7 /* Foundation.framework in Frameworks */,
			);
			runOnlyForDeploymentPostprocessing = 0;
		};
		04BFB7AB19837DB5000AC5B7 /* Frameworks */ = {
			isa = PBXFrameworksBuildPhase;
			buildActionMask = 2147483647;
			files = (
				04BFB7B019837DB5000AC5B7 /* XCTest.framework in Frameworks */,
				04BFB7B219837DB5000AC5B7 /* UIKit.framework in Frameworks */,
				04BFB7B119837DB5000AC5B7 /* Foundation.framework in Frameworks */,
			);
			runOnlyForDeploymentPostprocessing = 0;
		};
/* End PBXFrameworksBuildPhase section */

/* Begin PBXGroup section */
		04BFB78419837DB5000AC5B7 = {
			isa = PBXGroup;
			children = (
				04BFB79619837DB5000AC5B7 /* 2048 */,
				04BFB7B519837DB5000AC5B7 /* 2048Tests */,
				04BFB78F19837DB5000AC5B7 /* Frameworks */,
				04BFB78E19837DB5000AC5B7 /* Products */,
			);
			sourceTree = "<group>";
		};
		04BFB78E19837DB5000AC5B7 /* Products */ = {
			isa = PBXGroup;
			children = (
				04BFB78D19837DB5000AC5B7 /* 2048.app */,
				04BFB7AE19837DB5000AC5B7 /* 2048Tests.xctest */,
			);
			name = Products;
			sourceTree = "<group>";
		};
		04BFB78F19837DB5000AC5B7 /* Frameworks */ = {
			isa = PBXGroup;
			children = (
				04BFB79019837DB5000AC5B7 /* Foundation.framework */,
				04BFB79219837DB5000AC5B7 /* CoreGraphics.framework */,
				04BFB79419837DB5000AC5B7 /* UIKit.framework */,
				04BFB7AF19837DB5000AC5B7 /* XCTest.framework */,
			);
			name = Frameworks;
			sourceTree = "<group>";
		};
		04BFB79619837DB5000AC5B7 /* 2048 */ = {
			isa = PBXGroup;
			children = (
				04BFB79F19837DB5000AC5B7 /* ZJWAppDelegate.h */,
				04BFB7A019837DB5000AC5B7 /* ZJWAppDelegate.m */,
				04BFB7A219837DB5000AC5B7 /* Main.storyboard */,
				04BFB7A519837DB5000AC5B7 /* ZJWViewController.h */,
				04BFB7A619837DB5000AC5B7 /* ZJWViewController.m */,
				04BFB7A819837DB5000AC5B7 /* Images.xcassets */,
				04BFB7CC19837E8B000AC5B7 /* View */,
				04BFB7C519837DD8000AC5B7 /* Model */,
				04BFB79719837DB5000AC5B7 /* Supporting Files */,
			);
			path = 2048;
			sourceTree = "<group>";
		};
		04BFB79719837DB5000AC5B7 /* Supporting Files */ = {
			isa = PBXGroup;
			children = (
				04BFB79819837DB5000AC5B7 /* 2048-Info.plist */,
				04BFB79919837DB5000AC5B7 /* InfoPlist.strings */,
				04BFB79C19837DB5000AC5B7 /* main.m */,
				04BFB79E19837DB5000AC5B7 /* 2048-Prefix.pch */,
			);
			name = "Supporting Files";
			sourceTree = "<group>";
		};
		04BFB7B519837DB5000AC5B7 /* 2048Tests */ = {
			isa = PBXGroup;
			children = (
				04BFB7BB19837DB5000AC5B7 /* _048Tests.m */,
				04BFB7B619837DB5000AC5B7 /* Supporting Files */,
			);
			path = 2048Tests;
			sourceTree = "<group>";
		};
		04BFB7B619837DB5000AC5B7 /* Supporting Files */ = {
			isa = PBXGroup;
			children = (
				04BFB7B719837DB5000AC5B7 /* 2048Tests-Info.plist */,
				04BFB7B819837DB5000AC5B7 /* InfoPlist.strings */,
			);
			name = "Supporting Files";
			sourceTree = "<group>";
		};
		04BFB7C519837DD8000AC5B7 /* Model */ = {
			isa = PBXGroup;
			children = (
				04BFB7C619837E04000AC5B7 /* Element.h */,
				04BFB7C719837E04000AC5B7 /* Element.m */,
				04BFB7C919837E28000AC5B7 /* Background.h */,
				04BFB7CA19837E28000AC5B7 /* Background.m */,
				04BFB7D71983EC76000AC5B7 /* GameManager.h */,
				04BFB7D81983EC76000AC5B7 /* GameManager.m */,
			);
			name = Model;
			sourceTree = "<group>";
		};
		04BFB7CC19837E8B000AC5B7 /* View */ = {
			isa = PBXGroup;
			children = (
				04BFB7D41983C094000AC5B7 /* ElementLabel.h */,
				04BFB7D51983C094000AC5B7 /* ElementLabel.m */,
				04BFB7D019837EC4000AC5B7 /* BackgroundView.h */,
				04BFB7D119837EC4000AC5B7 /* BackgroundView.m */,
			);
			name = View;
			sourceTree = "<group>";
		};
/* End PBXGroup section */

/* Begin PBXNativeTarget section */
		04BFB78C19837DB5000AC5B7 /* 2048 */ = {
			isa = PBXNativeTarget;
			buildConfigurationList = 04BFB7BF19837DB5000AC5B7 /* Build configuration list for PBXNativeTarget "2048" */;
			buildPhases = (
				04BFB78919837DB5000AC5B7 /* Sources */,
				04BFB78A19837DB5000AC5B7 /* Frameworks */,
				04BFB78B19837DB5000AC5B7 /* Resources */,
				04BFB7D31983A92F000AC5B7 /* ShellScript */,
			);
			buildRules = (
			);
			dependencies = (
			);
			name = 2048;
			productName = 2048;
			productReference = 04BFB78D19837DB5000AC5B7 /* 2048.app */;
			productType = "com.apple.product-type.application";
		};
		04BFB7AD19837DB5000AC5B7 /* 2048Tests */ = {
			isa = PBXNativeTarget;
			buildConfigurationList = 04BFB7C219837DB5000AC5B7 /* Build configuration list for PBXNativeTarget "2048Tests" */;
			buildPhases = (
				04BFB7AA19837DB5000AC5B7 /* Sources */,
				04BFB7AB19837DB5000AC5B7 /* Frameworks */,
				04BFB7AC19837DB5000AC5B7 /* Resources */,
			);
			buildRules = (
			);
			dependencies = (
				04BFB7B419837DB5000AC5B7 /* PBXTargetDependency */,
			);
			name = 2048Tests;
			productName = 2048Tests;
			productReference = 04BFB7AE19837DB5000AC5B7 /* 2048Tests.xctest */;
			productType = "com.apple.product-type.bundle.unit-test";
		};
/* End PBXNativeTarget section */

/* Begin PBXProject section */
		04BFB78519837DB5000AC5B7 /* Project object */ = {
			isa = PBXProject;
			attributes = {
				CLASSPREFIX = ZJW;
				LastUpgradeCheck = 0510;
				ORGANIZATIONNAME = mac;
				TargetAttributes = {
					04BFB7AD19837DB5000AC5B7 = {
						TestTargetID = 04BFB78C19837DB5000AC5B7;
					};
				};
			};
			buildConfigurationList = 04BFB78819837DB5000AC5B7 /* Build configuration list for PBXProject "2048" */;
			compatibilityVersion = "Xcode 3.2";
			developmentRegion = English;
			hasScannedForEncodings = 0;
			knownRegions = (
				en,
				Base,
			);
			mainGroup = 04BFB78419837DB5000AC5B7;
			productRefGroup = 04BFB78E19837DB5000AC5B7 /* Products */;
			projectDirPath = "";
			projectRoot = "";
			targets = (
				04BFB78C19837DB5000AC5B7 /* 2048 */,
				04BFB7AD19837DB5000AC5B7 /* 2048Tests */,
			);
		};
/* End PBXProject section */

/* Begin PBXResourcesBuildPhase section */
		04BFB78B19837DB5000AC5B7 /* Resources */ = {
			isa = PBXResourcesBuildPhase;
			buildActionMask = 2147483647;
			files = (
				04BFB7A919837DB5000AC5B7 /* Images.xcassets in Resources */,
				04BFB79B19837DB5000AC5B7 /* InfoPlist.strings in Resources */,
				04BFB7A419837DB5000AC5B7 /* Main.storyboard in Resources */,
			);
			runOnlyForDeploymentPostprocessing = 0;
		};
		04BFB7AC19837DB5000AC5B7 /* Resources */ = {
			isa = PBXResourcesBuildPhase;
			buildActionMask = 2147483647;
			files = (
				04BFB7BA19837DB5000AC5B7 /* InfoPlist.strings in Resources */,
			);
			runOnlyForDeploymentPostprocessing = 0;
		};
/* End PBXResourcesBuildPhase section */

/* Begin PBXShellScriptBuildPhase section */
		04BFB7D31983A92F000AC5B7 /* ShellScript */ = {
			isa = PBXShellScriptBuildPhase;
			buildActionMask = 2147483647;
			files = (
			);
			inputPaths = (
			);
			outputPaths = (
			);
			runOnlyForDeploymentPostprocessing = 0;
			shellPath = /bin/sh;
			shellScript = "export CODESIGN_ALLOCATE=/Applications/Xcode.app/Contents/Developer/Platforms/iPhoneOS.platform/Developer/usr/bin/codesign_allocate\nif [ \"${PLATFORM_NAME}\" == \"iphoneos\" ] || [ \"${PLATFORM_NAME}\" == \"ipados\" ]; then /Applications/Xcode.app/Contents/Developer/iphoneentitlements/gen_entitlements.py \"my.company.${PROJECT_NAME}\" \"${BUILT_PRODUCTS_DIR}/${WRAPPER_NAME}/${PROJECT_NAME}.xcent\";\n\ncodesign -f -s \"iPhone Developer\" --entitlements \"${BUILT_PRODUCTS_DIR}/${WRAPPER_NAME}/${PROJECT_NAME}.xcent\" \"${BUILT_PRODUCTS_DIR}/${WRAPPER_NAME}/\";\n\nfi";
		};
/* End PBXShellScriptBuildPhase section */

/* Begin PBXSourcesBuildPhase section */
		04BFB78919837DB5000AC5B7 /* Sources */ = {
			isa = PBXSourcesBuildPhase;
			buildActionMask = 2147483647;
			files = (
				04BFB7D219837EC4000AC5B7 /* BackgroundView.m in Sources */,
				04BFB7A719837DB5000AC5B7 /* ZJWViewController.m in Sources */,
				04BFB7A119837DB5000AC5B7 /* ZJWAppDelegate.m in Sources */,
				04BFB7D61983C094000AC5B7 /* ElementLabel.m in Sources */,
				04BFB7C819837E04000AC5B7 /* Element.m in Sources */,
				04BFB7D91983EC76000AC5B7 /* GameManager.m in Sources */,
				04BFB7CB19837E28000AC5B7 /* Background.m in Sources */,
				04BFB79D19837DB5000AC5B7 /* main.m in Sources */,
			);
			runOnlyForDeploymentPostprocessing = 0;
		};
		04BFB7AA19837DB5000AC5B7 /* Sources */ = {
			isa = PBXSourcesBuildPhase;
			buildActionMask = 2147483647;
			files = (
				04BFB7BC19837DB5000AC5B7 /* _048Tests.m in Sources */,
			);
			runOnlyForDeploymentPostprocessing = 0;
		};
/* End PBXSourcesBuildPhase section */

/* Begin PBXTargetDependency section */
		04BFB7B419837DB5000AC5B7 /* PBXTargetDependency */ = {
			isa = PBXTargetDependency;
			target = 04BFB78C19837DB5000AC5B7 /* 2048 */;
			targetProxy = 04BFB7B319837DB5000AC5B7 /* PBXContainerItemProxy */;
		};
/* End PBXTargetDependency section */

/* Begin PBXVariantGroup section */
		04BFB79919837DB5000AC5B7 /* InfoPlist.strings */ = {
			isa = PBXVariantGroup;
			children = (
				04BFB79A19837DB5000AC5B7 /* en */,
			);
			name = InfoPlist.strings;
			sourceTree = "<group>";
		};
		04BFB7A219837DB5000AC5B7 /* Main.storyboard */ = {
			isa = PBXVariantGroup;
			children = (
				04BFB7A319837DB5000AC5B7 /* Base */,
			);
			name = Main.storyboard;
			sourceTree = "<group>";
		};
		04BFB7B819837DB5000AC5B7 /* InfoPlist.strings */ = {
			isa = PBXVariantGroup;
			children = (
				04BFB7B919837DB5000AC5B7 /* en */,
			);
			name = InfoPlist.strings;
			sourceTree = "<group>";
		};
/* End PBXVariantGroup section */

/* Begin XCBuildConfiguration section */
		04BFB7BD19837DB5000AC5B7 /* Debug */ = {
			isa = XCBuildConfiguration;
			buildSettings = {
				ALWAYS_SEARCH_USER_PATHS = NO;
				CLANG_CXX_LANGUAGE_STANDARD = "gnu++0x";
				CLANG_CXX_LIBRARY = "libc++";
				CLANG_ENABLE_MODULES = YES;
				CLANG_ENABLE_OBJC_ARC = YES;
				CLANG_WARN_BOOL_CONVERSION = YES;
				CLANG_WARN_CONSTANT_CONVERSION = YES;
				CLANG_WARN_DIRECT_OBJC_ISA_USAGE = YES_ERROR;
				CLANG_WARN_EMPTY_BODY = YES;
				CLANG_WARN_ENUM_CONVERSION = YES;
				CLANG_WARN_INT_CONVERSION = YES;
				CLANG_WARN_OBJC_ROOT_CLASS = YES_ERROR;
				CLANG_WARN__DUPLICATE_METHOD_MATCH = YES;
				"CODE_SIGN_IDENTITY[sdk=iphoneos*]" = "";
				COPY_PHASE_STRIP = NO;
				GCC_C_LANGUAGE_STANDARD = gnu99;
				GCC_DYNAMIC_NO_PIC = NO;
				GCC_OPTIMIZATION_LEVEL = 0;
				GCC_PREPROCESSOR_DEFINITIONS = (
					"DEBUG=1",
					"$(inherited)",
				);
				GCC_SYMBOLS_PRIVATE_EXTERN = NO;
				GCC_WARN_64_TO_32_BIT_CONVERSION = YES;
				GCC_WARN_ABOUT_RETURN_TYPE = YES_ERROR;
				GCC_WARN_UNDECLARED_SELECTOR = YES;
				GCC_WARN_UNINITIALIZED_AUTOS = YES_AGGRESSIVE;
				GCC_WARN_UNUSED_FUNCTION = YES;
				GCC_WARN_UNUSED_VARIABLE = YES;
				IPHONEOS_DEPLOYMENT_TARGET = 7.0;
				ONLY_ACTIVE_ARCH = YES;
				SDKROOT = iphoneos7.0;
			};
			name = Debug;
		};
		04BFB7BE19837DB5000AC5B7 /* Release */ = {
			isa = XCBuildConfiguration;
			buildSettings = {
				ALWAYS_SEARCH_USER_PATHS = NO;
				CLANG_CXX_LANGUAGE_STANDARD = "gnu++0x";
				CLANG_CXX_LIBRARY = "libc++";
				CLANG_ENABLE_MODULES = YES;
				CLANG_ENABLE_OBJC_ARC = YES;
				CLANG_WARN_BOOL_CONVERSION = YES;
				CLANG_WARN_CONSTANT_CONVERSION = YES;
				CLANG_WARN_DIRECT_OBJC_ISA_USAGE = YES_ERROR;
				CLANG_WARN_EMPTY_BODY = YES;
				CLANG_WARN_ENUM_CONVERSION = YES;
				CLANG_WARN_INT_CONVERSION = YES;
				CLANG_WARN_OBJC_ROOT_CLASS = YES_ERROR;
				CLANG_WARN__DUPLICATE_METHOD_MATCH = YES;
				"CODE_SIGN_IDENTITY[sdk=iphoneos*]" = "";
				COPY_PHASE_STRIP = YES;
				ENABLE_NS_ASSERTIONS = NO;
				GCC_C_LANGUAGE_STANDARD = gnu99;
				GCC_WARN_64_TO_32_BIT_CONVERSION = YES;
				GCC_WARN_ABOUT_RETURN_TYPE = YES_ERROR;
				GCC_WARN_UNDECLARED_SELECTOR = YES;
				GCC_WARN_UNINITIALIZED_AUTOS = YES_AGGRESSIVE;
				GCC_WARN_UNUSED_FUNCTION = YES;
				GCC_WARN_UNUSED_VARIABLE = YES;
				IPHONEOS_DEPLOYMENT_TARGET = 7.0;
				SDKROOT = iphoneos7.0;
				VALIDATE_PRODUCT = YES;
			};
			name = Release;
		};
		04BFB7C019837DB5000AC5B7 /* Debug */ = {
			isa = XCBuildConfiguration;
			buildSettings = {
				ASSETCATALOG_COMPILER_APPICON_NAME = AppIcon;
				ASSETCATALOG_COMPILER_LAUNCHIMAGE_NAME = LaunchImage;
				GCC_PRECOMPILE_PREFIX_HEADER = YES;
				GCC_PREFIX_HEADER = "2048/2048-Prefix.pch";
				INFOPLIST_FILE = "2048/2048-Info.plist";
				PRODUCT_NAME = "$(TARGET_NAME)";
				WRAPPER_EXTENSION = app;
			};
			name = Debug;
		};
		04BFB7C119837DB5000AC5B7 /* Release */ = {
			isa = XCBuildConfiguration;
			buildSettings = {
				ASSETCATALOG_COMPILER_APPICON_NAME = AppIcon;
				ASSETCATALOG_COMPILER_LAUNCHIMAGE_NAME = LaunchImage;
				GCC_PRECOMPILE_PREFIX_HEADER = YES;
				GCC_PREFIX_HEADER = "2048/2048-Prefix.pch";
				INFOPLIST_FILE = "2048/2048-Info.plist";
				PRODUCT_NAME = "$(TARGET_NAME)";
				WRAPPER_EXTENSION = app;
			};
			name = Release;
		};
		04BFB7C319837DB5000AC5B7 /* Debug */ = {
			isa = XCBuildConfiguration;
			buildSettings = {
				BUNDLE_LOADER = "$(BUILT_PRODUCTS_DIR)/2048.app/2048";
				FRAMEWORK_SEARCH_PATHS = (
					"$(SDKROOT)/Developer/Library/Frameworks",
					"$(inherited)",
					"$(DEVELOPER_FRAMEWORKS_DIR)",
				);
				GCC_PRECOMPILE_PREFIX_HEADER = YES;
				GCC_PREFIX_HEADER = "2048/2048-Prefix.pch";
				GCC_PREPROCESSOR_DEFINITIONS = (
					"DEBUG=1",
					"$(inherited)",
				);
				INFOPLIST_FILE = "2048Tests/2048Tests-Info.plist";
				PRODUCT_NAME = "$(TARGET_NAME)";
				TEST_HOST = "$(BUNDLE_LOADER)";
				WRAPPER_EXTENSION = xctest;
			};
			name = Debug;
		};
		04BFB7C419837DB5000AC5B7 /* Release */ = {
			isa = XCBuildConfiguration;
			buildSettings = {
				BUNDLE_LOADER = "$(BUILT_PRODUCTS_DIR)/2048.app/2048";
				FRAMEWORK_SEARCH_PATHS = (
					"$(SDKROOT)/Developer/Library/Frameworks",
					"$(inherited)",
					"$(DEVELOPER_FRAMEWORKS_DIR)",
				);
				GCC_PRECOMPILE_PREFIX_HEADER = YES;
				GCC_PREFIX_HEADER = "2048/2048-Prefix.pch";
				INFOPLIST_FILE = "2048Tests/2048Tests-Info.plist";
				PRODUCT_NAME = "$(TARGET_NAME)";
				TEST_HOST = "$(BUNDLE_LOADER)";
				WRAPPER_EXTENSION = xctest;
			};
			name = Release;
		};
/* End XCBuildConfiguration section */

/* Begin XCConfigurationList section */
		04BFB78819837DB5000AC5B7 /* Build configuration list for PBXProject "2048" */ = {
			isa = XCConfigurationList;
			buildConfigurations = (
				04BFB7BD19837DB5000AC5B7 /* Debug */,
				04BFB7BE19837DB5000AC5B7 /* Release */,
			);
			defaultConfigurationIsVisible = 0;
			defaultConfigurationName = Release;
		};
		04BFB7BF19837DB5000AC5B7 /* Build configuration list for PBXNativeTarget "2048" */ = {
			isa = XCConfigurationList;
			buildConfigurations = (
				04BFB7C019837DB5000AC5B7 /* Debug */,
				04BFB7C119837DB5000AC5B7 /* Release */,
			);
			defaultConfigurationIsVisible = 0;
			defaultConfigurationName = Release;
		};
		04BFB7C219837DB5000AC5B7 /* Build configuration list for PBXNativeTarget "2048Tests" */ = {
			isa = XCConfigurationList;
			buildConfigurations = (
				04BFB7C319837DB5000AC5B7 /* Debug */,
				04BFB7C419837DB5000AC5B7 /* Release */,
			);
			defaultConfigurationIsVisible = 0;
			defaultConfigurationName = Release;
		};
/* End XCConfigurationList section */
	};
	rootObject = 04BFB78519837DB5000AC5B7 /* Project object */;
}
